Microsoft Visual Studio Solution File, Format Version 12.00
# Visual Studio Version 17
VisualStudioVersion = 17.5.2.0
MinimumVisualStudioVersion = 10.0.40219.1
Project("{FAE04EC0-301F-11D3-BF4B-00C04F79EFBC}") = "pos-dotnet", "pos-dotnet.csproj", "{D758E249-8D6E-13D0-A1C8-FB7928950AA7}"
EndProject
Global
	GlobalSection(SolutionConfigurationPlatforms) = preSolution
		Debug|Any CPU = Debug|Any CPU
		Release|Any CPU = Release|Any CPU
	EndGlobalSection
	GlobalSection(ProjectConfigurationPlatforms) = postSolution
		{D758E249-8D6E-13D0-A1C8-FB7928950AA7}.Debug|Any CPU.ActiveCfg = Debug|Any CPU
		{D758E249-8D6E-13D0-A1C8-FB7928950AA7}.Debug|Any CPU.Build.0 = Debug|Any CPU
		{D758E249-8D6E-13D0-A1C8-FB7928950AA7}.Release|Any CPU.ActiveCfg = Release|Any CPU
		{D758E249-8D6E-13D0-A1C8-FB7928950AA7}.Release|Any CPU.Build.0 = Release|Any CPU
	EndGlobalSection
	GlobalSection(SolutionProperties) = preSolution
		HideSolutionNode = FALSE
	EndGlobalSection
	GlobalSection(ExtensibilityGlobals) = postSolution
		SolutionGuid = {1E82E359-E928-4397-9281-7D26A8A7D7DE}
	EndGlobalSection
EndGlobal
